
Microsoft Visual Studio Solution File, Format Version 12.00
# Visual Studio Version 17
VisualStudioVersion = 17.8.34330.188
MinimumVisualStudioVersion = 10.0.40219.1
Project("{FAE04EC0-301F-11D3-BF4B-00C04F79EFBC}") = "Hallodoc", "Hallodoc\Hallodoc.csproj", "{15F5B8EB-9611-4F1D-80A2-AB2DB27678F7}"
EndProject
Global
	GlobalSection(SolutionConfigurationPlatforms) = preSolution
		Debug|Any CPU = Debug|Any CPU
		Release|Any CPU = Release|Any CPU
	EndGlobalSection
	GlobalSection(ProjectConfigurationPlatforms) = postSolution
		{15F5B8EB-9611-4F1D-80A2-AB2DB27678F7}.Debug|Any CPU.ActiveCfg = Debug|Any CPU
		{15F5B8EB-9611-4F1D-80A2-AB2DB27678F7}.Debug|Any CPU.Build.0 = Debug|Any CPU
		{15F5B8EB-9611-4F1D-80A2-AB2DB27678F7}.Release|Any CPU.ActiveCfg = Release|Any CPU
		{15F5B8EB-9611-4F1D-80A2-AB2DB27678F7}.Release|Any CPU.Build.0 = Release|Any CPU
	EndGlobalSection
	GlobalSection(SolutionProperties) = preSolution
		HideSolutionNode = FALSE
	EndGlobalSection
	GlobalSection(ExtensibilityGlobals) = postSolution
		SolutionGuid = {6A73542F-A223-4AA3-9FC4-38B960E4ABDE}
	EndGlobalSection
EndGlobal
