
Microsoft Visual Studio Solution File, Format Version 12.00
# Visual Studio Version 17
VisualStudioVersion = 17.8.34330.188
MinimumVisualStudioVersion = 10.0.40219.1
Project("{FAE04EC0-301F-11D3-BF4B-00C04F79EFBC}") = "OrderManagementSystem", "OrderManagementSystem\OrderManagementSystem.csproj", "{4C9A79F8-5BAE-4CBB-9911-CB608DE5274A}"
EndProject
Project("{FAE04EC0-301F-11D3-BF4B-00C04F79EFBC}") = "OrderManagementSystemBLL", "OrderManagementSystemBLL\OrderManagementSystemBLL.csproj", "{7754A70E-E0A7-48B4-AA24-CB724AB61994}"
EndProject
Project("{FAE04EC0-301F-11D3-BF4B-00C04F79EFBC}") = "OrderManagementSystemDAL", "OrderManagementSystemDAL\OrderManagementSystemDAL.csproj", "{8668A5CF-2B9C-4ECE-A6BF-D36FBD59DD3E}"
EndProject
Global
	GlobalSection(SolutionConfigurationPlatforms) = preSolution
		Debug|Any CPU = Debug|Any CPU
		Release|Any CPU = Release|Any CPU
	EndGlobalSection
	GlobalSection(ProjectConfigurationPlatforms) = postSolution
		{4C9A79F8-5BAE-4CBB-9911-CB608DE5274A}.Debug|Any CPU.ActiveCfg = Debug|Any CPU
		{4C9A79F8-5BAE-4CBB-9911-CB608DE5274A}.Debug|Any CPU.Build.0 = Debug|Any CPU
		{4C9A79F8-5BAE-4CBB-9911-CB608DE5274A}.Release|Any CPU.ActiveCfg = Release|Any CPU
		{4C9A79F8-5BAE-4CBB-9911-CB608DE5274A}.Release|Any CPU.Build.0 = Release|Any CPU
		{7754A70E-E0A7-48B4-AA24-CB724AB61994}.Debug|Any CPU.ActiveCfg = Debug|Any CPU
		{7754A70E-E0A7-48B4-AA24-CB724AB61994}.Debug|Any CPU.Build.0 = Debug|Any CPU
		{7754A70E-E0A7-48B4-AA24-CB724AB61994}.Release|Any CPU.ActiveCfg = Release|Any CPU
		{7754A70E-E0A7-48B4-AA24-CB724AB61994}.Release|Any CPU.Build.0 = Release|Any CPU
		{8668A5CF-2B9C-4ECE-A6BF-D36FBD59DD3E}.Debug|Any CPU.ActiveCfg = Debug|Any CPU
		{8668A5CF-2B9C-4ECE-A6BF-D36FBD59DD3E}.Debug|Any CPU.Build.0 = Debug|Any CPU
		{8668A5CF-2B9C-4ECE-A6BF-D36FBD59DD3E}.Release|Any CPU.ActiveCfg = Release|Any CPU
		{8668A5CF-2B9C-4ECE-A6BF-D36FBD59DD3E}.Release|Any CPU.Build.0 = Release|Any CPU
	EndGlobalSection
	GlobalSection(SolutionProperties) = preSolution
		HideSolutionNode = FALSE
	EndGlobalSection
	GlobalSection(ExtensibilityGlobals) = postSolution
		SolutionGuid = {2F07A9F2-2154-4843-9E0E-CB190EF28623}
	EndGlobalSection
EndGlobal
